// !$*UTF8*$!
{
	archiveVersion = 1;
	classes = {
	};
	objectVersion = 46;
	objects = {

/* Begin PBXBuildFile section */
		BC0C22701976079900E3D700 /* main.c in Sources */ = {isa = PBXBuildFile; fileRef = BC0C226F1976079900E3D700 /* main.c */; };
		BC0C22721976079900E3D700 /* ____.1 in CopyFiles */ = {isa = PBXBuildFile; fileRef = BC0C22711976079900E3D700 /* ____.1 */; };
/* End PBXBuildFile section */

/* Begin PBXCopyFilesBuildPhase section */
		BC0C226A1976079900E3D700 /* CopyFiles */ = {
			isa = PBXCopyFilesBuildPhase;
			buildActionMask = 2147483647;
			dstPath = /usr/share/man/man1/;
			dstSubfolderSpec = 0;
			files = (
				BC0C22721976079900E3D700 /* ____.1 in CopyFiles */,
			);
			runOnlyForDeploymentPostprocessing = 1;
		};
/* End PBXCopyFilesBuildPhase section */

/* Begin PBXFileReference section */
		BC0C226C1976079900E3D700 /* 常量变量 */ = {isa = PBXFileReference; explicitFileType = "compiled.mach-o.executable"; includeInIndex = 0; path = "常量变量"; sourceTree = BUILT_PRODUCTS_DIR; };
		BC0C226F1976079900E3D700 /* main.c */ = {isa = PBXFileReference; lastKnownFileType = sourcecode.c.c; path = main.c; sourceTree = "<group>"; };
		BC0C22711976079900E3D700 /* ____.1 */ = {isa = PBXFileReference; lastKnownFileType = text.man; path = "____.1"; sourceTree = "<group>"; };
/* End PBXFileReference section */

/* Begin PBXFrameworksBuildPhase section */
		BC0C22691976079900E3D700 /* Frameworks */ = {
			isa = PBXFrameworksBuildPhase;
			buildActionMask = 2147483647;
			files = (
			);
			runOnlyForDeploymentPostprocessing = 0;
		};
/* End PBXFrameworksBuildPhase section */

/* Begin PBXGroup section */
		BC0C22631976079900E3D700 = {
			isa = PBXGroup;
			children = (
				BC0C226E1976079900E3D700 /* 常量变量 */,
				BC0C226D1976079900E3D700 /* Products */,
			);
			sourceTree = "<group>";
		};
		BC0C226D1976079900E3D700 /* Products */ = {
			isa = PBXGroup;
			children = (
				BC0C226C1976079900E3D700 /* 常量变量 */,
			);
			name = Products;
			sourceTree = "<group>";
		};
		BC0C226E1976079900E3D700 /* 常量变量 */ = {
			isa = PBXGroup;
			children = (
				BC0C226F1976079900E3D700 /* main.c */,
				BC0C22711976079900E3D700 /* ____.1 */,
			);
			path = "常量变量";
			sourceTree = "<group>";
		};
/* End PBXGroup section */

/* Begin PBXNativeTarget section */
		BC0C226B1976079900E3D700 /* 常量变量 */ = {
			isa = PBXNativeTarget;
			buildConfigurationList = BC0C22751976079900E3D700 /* Build configuration list for PBXNativeTarget "常量变量" */;
			buildPhases = (
				BC0C22681976079900E3D700 /* Sources */,
				BC0C22691976079900E3D700 /* Frameworks */,
				BC0C226A1976079900E3D700 /* CopyFiles */,
			);
			buildRules = (
			);
			dependencies = (
			);
			name = "常量变量";
			productName = "常量变量";
			productReference = BC0C226C1976079900E3D700 /* 常量变量 */;
			productType = "com.apple.product-type.tool";
		};
/* End PBXNativeTarget section */

/* Begin PBXProject section */
		BC0C22641976079900E3D700 /* Project object */ = {
			isa = PBXProject;
			attributes = {
				LastUpgradeCheck = 0510;
				ORGANIZATIONNAME = zhang;
			};
			buildConfigurationList = BC0C22671976079900E3D700 /* Build configuration list for PBXProject "常量变量" */;
			compatibilityVersion = "Xcode 3.2";
			developmentRegion = English;
			hasScannedForEncodings = 0;
			knownRegions = (
				en,
			);
			mainGroup = BC0C22631976079900E3D700;
			productRefGroup = BC0C226D1976079900E3D700 /* Products */;
			projectDirPath = "";
			projectRoot = "";
			targets = (
				BC0C226B1976079900E3D700 /* 常量变量 */,
			);
		};
/* End PBXProject section */

/* Begin PBXSourcesBuildPhase section */
		BC0C22681976079900E3D700 /* Sources */ = {
			isa = PBXSourcesBuildPhase;
			buildActionMask = 2147483647;
			files = (
				BC0C22701976079900E3D700 /* main.c in Sources */,
			);
			runOnlyForDeploymentPostprocessing = 0;
		};
/* End PBXSourcesBuildPhase section */

/* Begin XCBuildConfiguration section */
		BC0C22731976079900E3D700 /* Debug */ = {
			isa = XCBuildConfiguration;
			buildSettings = {
				ALWAYS_SEARCH_USER_PATHS = NO;
				CLANG_CXX_LANGUAGE_STANDARD = "gnu++0x";
				CLANG_CXX_LIBRARY = "libc++";
				CLANG_ENABLE_MODULES = YES;
				CLANG_ENABLE_OBJC_ARC = YES;
				CLANG_WARN_BOOL_CONVERSION = YES;
				CLANG_WARN_CONSTANT_CONVERSION = YES;
				CLANG_WARN_DIRECT_OBJC_ISA_USAGE = YES_ERROR;
				CLANG_WARN_EMPTY_BODY = YES;
				CLANG_WARN_ENUM_CONVERSION = YES;
				CLANG_WARN_INT_CONVERSION = YES;
				CLANG_WARN_OBJC_ROOT_CLASS = YES_ERROR;
				CLANG_WARN__DUPLICATE_METHOD_MATCH = YES;
				COPY_PHASE_STRIP = NO;
				GCC_C_LANGUAGE_STANDARD = gnu99;
				GCC_DYNAMIC_NO_PIC = NO;
				GCC_ENABLE_OBJC_EXCEPTIONS = YES;
				GCC_OPTIMIZATION_LEVEL = 0;
				GCC_PREPROCESSOR_DEFINITIONS = (
					"DEBUG=1",
					"$(inherited)",
				);
				GCC_SYMBOLS_PRIVATE_EXTERN = NO;
				GCC_WARN_64_TO_32_BIT_CONVERSION = YES;
				GCC_WARN_ABOUT_RETURN_TYPE = YES_ERROR;
				GCC_WARN_UNDECLARED_SELECTOR = YES;
				GCC_WARN_UNINITIALIZED_AUTOS = YES_AGGRESSIVE;
				GCC_WARN_UNUSED_FUNCTION = YES;
				GCC_WARN_UNUSED_VARIABLE = YES;
				MACOSX_DEPLOYMENT_TARGET = 10.9;
				ONLY_ACTIVE_ARCH = YES;
				SDKROOT = macosx;
			};
			name = Debug;
		};
		BC0C22741976079900E3D700 /* Release */ = {
			isa = XCBuildConfiguration;
			buildSettings = {
				ALWAYS_SEARCH_USER_PATHS = NO;
				CLANG_CXX_LANGUAGE_STANDARD = "gnu++0x";
				CLANG_CXX_LIBRARY = "libc++";
				CLANG_ENABLE_MODULES = YES;
				CLANG_ENABLE_OBJC_ARC = YES;
				CLANG_WARN_BOOL_CONVERSION = YES;
				CLANG_WARN_CONSTANT_CONVERSION = YES;
				CLANG_WARN_DIRECT_OBJC_ISA_USAGE = YES_ERROR;
				CLANG_WARN_EMPTY_BODY = YES;
				CLANG_WARN_ENUM_CONVERSION = YES;
				CLANG_WARN_INT_CONVERSION = YES;
				CLANG_WARN_OBJC_ROOT_CLASS = YES_ERROR;
				CLANG_WARN__DUPLICATE_METHOD_MATCH = YES;
				COPY_PHASE_STRIP = YES;
				DEBUG_INFORMATION_FORMAT = "dwarf-with-dsym";
				ENABLE_NS_ASSERTIONS = NO;
				GCC_C_LANGUAGE_STANDARD = gnu99;
				GCC_ENABLE_OBJC_EXCEPTIONS = YES;
				GCC_WARN_64_TO_32_BIT_CONVERSION = YES;
				GCC_WARN_ABOUT_RETURN_TYPE = YES_ERROR;
				GCC_WARN_UNDECLARED_SELECTOR = YES;
				GCC_WARN_UNINITIALIZED_AUTOS = YES_AGGRESSIVE;
				GCC_WARN_UNUSED_FUNCTION = YES;
				GCC_WARN_UNUSED_VARIABLE = YES;
				MACOSX_DEPLOYMENT_TARGET = 10.9;
				SDKROOT = macosx;
			};
			name = Release;
		};
		BC0C22761976079900E3D700 /* Debug */ = {
			isa = XCBuildConfiguration;
			buildSettings = {
				PRODUCT_NAME = "$(TARGET_NAME)";
			};
			name = Debug;
		};
		BC0C22771976079900E3D700 /* Release */ = {
			isa = XCBuildConfiguration;
			buildSettings = {
				PRODUCT_NAME = "$(TARGET_NAME)";
			};
			name = Release;
		};
/* End XCBuildConfiguration section */

/* Begin XCConfigurationList section */
		BC0C22671976079900E3D700 /* Build configuration list for PBXProject "常量变量" */ = {
			isa = XCConfigurationList;
			buildConfigurations = (
				BC0C22731976079900E3D700 /* Debug */,
				BC0C22741976079900E3D700 /* Release */,
			);
			defaultConfigurationIsVisible = 0;
			defaultConfigurationName = Release;
		};
		BC0C22751976079900E3D700 /* Build configuration list for PBXNativeTarget "常量变量" */ = {
			isa = XCConfigurationList;
			buildConfigurations = (
				BC0C22761976079900E3D700 /* Debug */,
				BC0C22771976079900E3D700 /* Release */,
			);
			defaultConfigurationIsVisible = 0;
		};
/* End XCConfigurationList section */
	};
	rootObject = BC0C22641976079900E3D700 /* Project object */;
}
