// !$*UTF8*$!
{
	archiveVersion = 1;
	classes = {
	};
	objectVersion = 46;
	objects = {

/* Begin PBXBuildFile section */
		3594073319B7F2EB00222214 /* Foundation.framework in Frameworks */ = {isa = PBXBuildFile; fileRef = 3594073219B7F2EB00222214 /* Foundation.framework */; };
		3594073519B7F2EB00222214 /* CoreGraphics.framework in Frameworks */ = {isa = PBXBuildFile; fileRef = 3594073419B7F2EB00222214 /* CoreGraphics.framework */; };
		3594073719B7F2EB00222214 /* UIKit.framework in Frameworks */ = {isa = PBXBuildFile; fileRef = 3594073619B7F2EB00222214 /* UIKit.framework */; };
		3594073D19B7F2EB00222214 /* InfoPlist.strings in Resources */ = {isa = PBXBuildFile; fileRef = 3594073B19B7F2EB00222214 /* InfoPlist.strings */; };
		3594073F19B7F2EB00222214 /* main.m in Sources */ = {isa = PBXBuildFile; fileRef = 3594073E19B7F2EB00222214 /* main.m */; };
		3594074319B7F2EB00222214 /* AppDelegate.m in Sources */ = {isa = PBXBuildFile; fileRef = 3594074219B7F2EB00222214 /* AppDelegate.m */; };
		3594074519B7F2EB00222214 /* Images.xcassets in Resources */ = {isa = PBXBuildFile; fileRef = 3594074419B7F2EB00222214 /* Images.xcassets */; };
		3594074C19B7F2EB00222214 /* XCTest.framework in Frameworks */ = {isa = PBXBuildFile; fileRef = 3594074B19B7F2EB00222214 /* XCTest.framework */; };
		3594074D19B7F2EB00222214 /* Foundation.framework in Frameworks */ = {isa = PBXBuildFile; fileRef = 3594073219B7F2EB00222214 /* Foundation.framework */; };
		3594074E19B7F2EB00222214 /* UIKit.framework in Frameworks */ = {isa = PBXBuildFile; fileRef = 3594073619B7F2EB00222214 /* UIKit.framework */; };
		3594075619B7F2EB00222214 /* InfoPlist.strings in Resources */ = {isa = PBXBuildFile; fileRef = 3594075419B7F2EB00222214 /* InfoPlist.strings */; };
		3594075819B7F2EB00222214 /* ____Tests.m in Sources */ = {isa = PBXBuildFile; fileRef = 3594075719B7F2EB00222214 /* ____Tests.m */; };
		3594076519B7F34000222214 /* MainViewController.m in Sources */ = {isa = PBXBuildFile; fileRef = 3594076319B7F34000222214 /* MainViewController.m */; };
		3594076619B7F34000222214 /* MainViewController.xib in Resources */ = {isa = PBXBuildFile; fileRef = 3594076419B7F34000222214 /* MainViewController.xib */; };
		3594076E19B7F4E600222214 /* 1.JPG in Resources */ = {isa = PBXBuildFile; fileRef = 3594076819B7F4E600222214 /* 1.JPG */; };
		3594076F19B7F4E600222214 /* 2.JPG in Resources */ = {isa = PBXBuildFile; fileRef = 3594076919B7F4E600222214 /* 2.JPG */; };
		3594077019B7F4E600222214 /* 3.JPG in Resources */ = {isa = PBXBuildFile; fileRef = 3594076A19B7F4E600222214 /* 3.JPG */; };
		3594077119B7F4E600222214 /* 4.JPG in Resources */ = {isa = PBXBuildFile; fileRef = 3594076B19B7F4E600222214 /* 4.JPG */; };
		3594077219B7F4E600222214 /* 5.JPG in Resources */ = {isa = PBXBuildFile; fileRef = 3594076C19B7F4E600222214 /* 5.JPG */; };
		3594077319B7F4E600222214 /* 6.JPG in Resources */ = {isa = PBXBuildFile; fileRef = 3594076D19B7F4E600222214 /* 6.JPG */; };
/* End PBXBuildFile section */

/* Begin PBXContainerItemProxy section */
		3594074F19B7F2EB00222214 /* PBXContainerItemProxy */ = {
			isa = PBXContainerItemProxy;
			containerPortal = 3594072719B7F2EB00222214 /* Project object */;
			proxyType = 1;
			remoteGlobalIDString = 3594072E19B7F2EB00222214;
			remoteInfo = "循环滚动";
		};
/* End PBXContainerItemProxy section */

/* Begin PBXFileReference section */
		3594072F19B7F2EB00222214 /* 循环滚动.app */ = {isa = PBXFileReference; explicitFileType = wrapper.application; includeInIndex = 0; path = "循环滚动.app"; sourceTree = BUILT_PRODUCTS_DIR; };
		3594073219B7F2EB00222214 /* Foundation.framework */ = {isa = PBXFileReference; lastKnownFileType = wrapper.framework; name = Foundation.framework; path = System/Library/Frameworks/Foundation.framework; sourceTree = SDKROOT; };
		3594073419B7F2EB00222214 /* CoreGraphics.framework */ = {isa = PBXFileReference; lastKnownFileType = wrapper.framework; name = CoreGraphics.framework; path = System/Library/Frameworks/CoreGraphics.framework; sourceTree = SDKROOT; };
		3594073619B7F2EB00222214 /* UIKit.framework */ = {isa = PBXFileReference; lastKnownFileType = wrapper.framework; name = UIKit.framework; path = System/Library/Frameworks/UIKit.framework; sourceTree = SDKROOT; };
		3594073A19B7F2EB00222214 /* 循环滚动-Info.plist */ = {isa = PBXFileReference; lastKnownFileType = text.plist.xml; path = "循环滚动-Info.plist"; sourceTree = "<group>"; };
		3594073C19B7F2EB00222214 /* en */ = {isa = PBXFileReference; lastKnownFileType = text.plist.strings; name = en; path = en.lproj/InfoPlist.strings; sourceTree = "<group>"; };
		3594073E19B7F2EB00222214 /* main.m */ = {isa = PBXFileReference; lastKnownFileType = sourcecode.c.objc; path = main.m; sourceTree = "<group>"; };
		3594074019B7F2EB00222214 /* 循环滚动-Prefix.pch */ = {isa = PBXFileReference; lastKnownFileType = sourcecode.c.h; path = "循环滚动-Prefix.pch"; sourceTree = "<group>"; };
		3594074119B7F2EB00222214 /* AppDelegate.h */ = {isa = PBXFileReference; lastKnownFileType = sourcecode.c.h; path = AppDelegate.h; sourceTree = "<group>"; };
		3594074219B7F2EB00222214 /* AppDelegate.m */ = {isa = PBXFileReference; lastKnownFileType = sourcecode.c.objc; path = AppDelegate.m; sourceTree = "<group>"; };
		3594074419B7F2EB00222214 /* Images.xcassets */ = {isa = PBXFileReference; lastKnownFileType = folder.assetcatalog; path = Images.xcassets; sourceTree = "<group>"; };
		3594074A19B7F2EB00222214 /* 循环滚动Tests.xctest */ = {isa = PBXFileReference; explicitFileType = wrapper.cfbundle; includeInIndex = 0; path = "循环滚动Tests.xctest"; sourceTree = BUILT_PRODUCTS_DIR; };
		3594074B19B7F2EB00222214 /* XCTest.framework */ = {isa = PBXFileReference; lastKnownFileType = wrapper.framework; name = XCTest.framework; path = Library/Frameworks/XCTest.framework; sourceTree = DEVELOPER_DIR; };
		3594075319B7F2EB00222214 /* 循环滚动Tests-Info.plist */ = {isa = PBXFileReference; lastKnownFileType = text.plist.xml; path = "循环滚动Tests-Info.plist"; sourceTree = "<group>"; };
		3594075519B7F2EB00222214 /* en */ = {isa = PBXFileReference; lastKnownFileType = text.plist.strings; name = en; path = en.lproj/InfoPlist.strings; sourceTree = "<group>"; };
		3594075719B7F2EB00222214 /* ____Tests.m */ = {isa = PBXFileReference; lastKnownFileType = sourcecode.c.objc; path = "____Tests.m"; sourceTree = "<group>"; };
		3594076219B7F34000222214 /* MainViewController.h */ = {isa = PBXFileReference; fileEncoding = 4; lastKnownFileType = sourcecode.c.h; path = MainViewController.h; sourceTree = "<group>"; };
		3594076319B7F34000222214 /* MainViewController.m */ = {isa = PBXFileReference; fileEncoding = 4; lastKnownFileType = sourcecode.c.objc; path = MainViewController.m; sourceTree = "<group>"; };
		3594076419B7F34000222214 /* MainViewController.xib */ = {isa = PBXFileReference; fileEncoding = 4; lastKnownFileType = file.xib; path = MainViewController.xib; sourceTree = "<group>"; };
		3594076819B7F4E600222214 /* 1.JPG */ = {isa = PBXFileReference; lastKnownFileType = image.jpeg; path = 1.JPG; sourceTree = "<group>"; };
		3594076919B7F4E600222214 /* 2.JPG */ = {isa = PBXFileReference; lastKnownFileType = image.jpeg; path = 2.JPG; sourceTree = "<group>"; };
		3594076A19B7F4E600222214 /* 3.JPG */ = {isa = PBXFileReference; lastKnownFileType = image.jpeg; path = 3.JPG; sourceTree = "<group>"; };
		3594076B19B7F4E600222214 /* 4.JPG */ = {isa = PBXFileReference; lastKnownFileType = image.jpeg; path = 4.JPG; sourceTree = "<group>"; };
		3594076C19B7F4E600222214 /* 5.JPG */ = {isa = PBXFileReference; lastKnownFileType = image.jpeg; path = 5.JPG; sourceTree = "<group>"; };
		3594076D19B7F4E600222214 /* 6.JPG */ = {isa = PBXFileReference; lastKnownFileType = image.jpeg; path = 6.JPG; sourceTree = "<group>"; };
/* End PBXFileReference section */

/* Begin PBXFrameworksBuildPhase section */
		3594072C19B7F2EB00222214 /* Frameworks */ = {
			isa = PBXFrameworksBuildPhase;
			buildActionMask = 2147483647;
			files = (
				3594073519B7F2EB00222214 /* CoreGraphics.framework in Frameworks */,
				3594073719B7F2EB00222214 /* UIKit.framework in Frameworks */,
				3594073319B7F2EB00222214 /* Foundation.framework in Frameworks */,
			);
			runOnlyForDeploymentPostprocessing = 0;
		};
		3594074719B7F2EB00222214 /* Frameworks */ = {
			isa = PBXFrameworksBuildPhase;
			buildActionMask = 2147483647;
			files = (
				3594074C19B7F2EB00222214 /* XCTest.framework in Frameworks */,
				3594074E19B7F2EB00222214 /* UIKit.framework in Frameworks */,
				3594074D19B7F2EB00222214 /* Foundation.framework in Frameworks */,
			);
			runOnlyForDeploymentPostprocessing = 0;
		};
/* End PBXFrameworksBuildPhase section */

/* Begin PBXGroup section */
		3594072619B7F2EB00222214 = {
			isa = PBXGroup;
			children = (
				3594076719B7F4E600222214 /* Res */,
				3594076119B7F32900222214 /* GUI */,
				3594073819B7F2EB00222214 /* 循环滚动 */,
				3594075119B7F2EB00222214 /* 循环滚动Tests */,
				3594073119B7F2EB00222214 /* Frameworks */,
				3594073019B7F2EB00222214 /* Products */,
			);
			sourceTree = "<group>";
		};
		3594073019B7F2EB00222214 /* Products */ = {
			isa = PBXGroup;
			children = (
				3594072F19B7F2EB00222214 /* 循环滚动.app */,
				3594074A19B7F2EB00222214 /* 循环滚动Tests.xctest */,
			);
			name = Products;
			sourceTree = "<group>";
		};
		3594073119B7F2EB00222214 /* Frameworks */ = {
			isa = PBXGroup;
			children = (
				3594073219B7F2EB00222214 /* Foundation.framework */,
				3594073419B7F2EB00222214 /* CoreGraphics.framework */,
				3594073619B7F2EB00222214 /* UIKit.framework */,
				3594074B19B7F2EB00222214 /* XCTest.framework */,
			);
			name = Frameworks;
			sourceTree = "<group>";
		};
		3594073819B7F2EB00222214 /* 循环滚动 */ = {
			isa = PBXGroup;
			children = (
				3594074119B7F2EB00222214 /* AppDelegate.h */,
				3594074219B7F2EB00222214 /* AppDelegate.m */,
				3594074419B7F2EB00222214 /* Images.xcassets */,
				3594073919B7F2EB00222214 /* Supporting Files */,
			);
			path = "循环滚动";
			sourceTree = "<group>";
		};
		3594073919B7F2EB00222214 /* Supporting Files */ = {
			isa = PBXGroup;
			children = (
				3594073A19B7F2EB00222214 /* 循环滚动-Info.plist */,
				3594073B19B7F2EB00222214 /* InfoPlist.strings */,
				3594073E19B7F2EB00222214 /* main.m */,
				3594074019B7F2EB00222214 /* 循环滚动-Prefix.pch */,
			);
			name = "Supporting Files";
			sourceTree = "<group>";
		};
		3594075119B7F2EB00222214 /* 循环滚动Tests */ = {
			isa = PBXGroup;
			children = (
				3594075719B7F2EB00222214 /* ____Tests.m */,
				3594075219B7F2EB00222214 /* Supporting Files */,
			);
			path = "循环滚动Tests";
			sourceTree = "<group>";
		};
		3594075219B7F2EB00222214 /* Supporting Files */ = {
			isa = PBXGroup;
			children = (
				3594075319B7F2EB00222214 /* 循环滚动Tests-Info.plist */,
				3594075419B7F2EB00222214 /* InfoPlist.strings */,
			);
			name = "Supporting Files";
			sourceTree = "<group>";
		};
		3594076119B7F32900222214 /* GUI */ = {
			isa = PBXGroup;
			children = (
				3594076219B7F34000222214 /* MainViewController.h */,
				3594076319B7F34000222214 /* MainViewController.m */,
				3594076419B7F34000222214 /* MainViewController.xib */,
			);
			path = GUI;
			sourceTree = "<group>";
		};
		3594076719B7F4E600222214 /* Res */ = {
			isa = PBXGroup;
			children = (
				3594076819B7F4E600222214 /* 1.JPG */,
				3594076919B7F4E600222214 /* 2.JPG */,
				3594076A19B7F4E600222214 /* 3.JPG */,
				3594076B19B7F4E600222214 /* 4.JPG */,
				3594076C19B7F4E600222214 /* 5.JPG */,
				3594076D19B7F4E600222214 /* 6.JPG */,
			);
			path = Res;
			sourceTree = "<group>";
		};
/* End PBXGroup section */

/* Begin PBXNativeTarget section */
		3594072E19B7F2EB00222214 /* 循环滚动 */ = {
			isa = PBXNativeTarget;
			buildConfigurationList = 3594075B19B7F2EB00222214 /* Build configuration list for PBXNativeTarget "循环滚动" */;
			buildPhases = (
				3594072B19B7F2EB00222214 /* Sources */,
				3594072C19B7F2EB00222214 /* Frameworks */,
				3594072D19B7F2EB00222214 /* Resources */,
			);
			buildRules = (
			);
			dependencies = (
			);
			name = "循环滚动";
			productName = "循环滚动";
			productReference = 3594072F19B7F2EB00222214 /* 循环滚动.app */;
			productType = "com.apple.product-type.application";
		};
		3594074919B7F2EB00222214 /* 循环滚动Tests */ = {
			isa = PBXNativeTarget;
			buildConfigurationList = 3594075E19B7F2EB00222214 /* Build configuration list for PBXNativeTarget "循环滚动Tests" */;
			buildPhases = (
				3594074619B7F2EB00222214 /* Sources */,
				3594074719B7F2EB00222214 /* Frameworks */,
				3594074819B7F2EB00222214 /* Resources */,
			);
			buildRules = (
			);
			dependencies = (
				3594075019B7F2EB00222214 /* PBXTargetDependency */,
			);
			name = "循环滚动Tests";
			productName = "循环滚动Tests";
			productReference = 3594074A19B7F2EB00222214 /* 循环滚动Tests.xctest */;
			productType = "com.apple.product-type.bundle.unit-test";
		};
/* End PBXNativeTarget section */

/* Begin PBXProject section */
		3594072719B7F2EB00222214 /* Project object */ = {
			isa = PBXProject;
			attributes = {
				LastUpgradeCheck = 0510;
				ORGANIZATIONNAME = "chen cheng";
				TargetAttributes = {
					3594074919B7F2EB00222214 = {
						TestTargetID = 3594072E19B7F2EB00222214;
					};
				};
			};
			buildConfigurationList = 3594072A19B7F2EB00222214 /* Build configuration list for PBXProject "循环滚动" */;
			compatibilityVersion = "Xcode 3.2";
			developmentRegion = English;
			hasScannedForEncodings = 0;
			knownRegions = (
				en,
			);
			mainGroup = 3594072619B7F2EB00222214;
			productRefGroup = 3594073019B7F2EB00222214 /* Products */;
			projectDirPath = "";
			projectRoot = "";
			targets = (
				3594072E19B7F2EB00222214 /* 循环滚动 */,
				3594074919B7F2EB00222214 /* 循环滚动Tests */,
			);
		};
/* End PBXProject section */

/* Begin PBXResourcesBuildPhase section */
		3594072D19B7F2EB00222214 /* Resources */ = {
			isa = PBXResourcesBuildPhase;
			buildActionMask = 2147483647;
			files = (
				3594076F19B7F4E600222214 /* 2.JPG in Resources */,
				3594077219B7F4E600222214 /* 5.JPG in Resources */,
				3594073D19B7F2EB00222214 /* InfoPlist.strings in Resources */,
				3594076E19B7F4E600222214 /* 1.JPG in Resources */,
				3594077019B7F4E600222214 /* 3.JPG in Resources */,
				3594077119B7F4E600222214 /* 4.JPG in Resources */,
				3594077319B7F4E600222214 /* 6.JPG in Resources */,
				3594076619B7F34000222214 /* MainViewController.xib in Resources */,
				3594074519B7F2EB00222214 /* Images.xcassets in Resources */,
			);
			runOnlyForDeploymentPostprocessing = 0;
		};
		3594074819B7F2EB00222214 /* Resources */ = {
			isa = PBXResourcesBuildPhase;
			buildActionMask = 2147483647;
			files = (
				3594075619B7F2EB00222214 /* InfoPlist.strings in Resources */,
			);
			runOnlyForDeploymentPostprocessing = 0;
		};
/* End PBXResourcesBuildPhase section */

/* Begin PBXSourcesBuildPhase section */
		3594072B19B7F2EB00222214 /* Sources */ = {
			isa = PBXSourcesBuildPhase;
			buildActionMask = 2147483647;
			files = (
				3594074319B7F2EB00222214 /* AppDelegate.m in Sources */,
				3594076519B7F34000222214 /* MainViewController.m in Sources */,
				3594073F19B7F2EB00222214 /* main.m in Sources */,
			);
			runOnlyForDeploymentPostprocessing = 0;
		};
		3594074619B7F2EB00222214 /* Sources */ = {
			isa = PBXSourcesBuildPhase;
			buildActionMask = 2147483647;
			files = (
				3594075819B7F2EB00222214 /* ____Tests.m in Sources */,
			);
			runOnlyForDeploymentPostprocessing = 0;
		};
/* End PBXSourcesBuildPhase section */

/* Begin PBXTargetDependency section */
		3594075019B7F2EB00222214 /* PBXTargetDependency */ = {
			isa = PBXTargetDependency;
			target = 3594072E19B7F2EB00222214 /* 循环滚动 */;
			targetProxy = 3594074F19B7F2EB00222214 /* PBXContainerItemProxy */;
		};
/* End PBXTargetDependency section */

/* Begin PBXVariantGroup section */
		3594073B19B7F2EB00222214 /* InfoPlist.strings */ = {
			isa = PBXVariantGroup;
			children = (
				3594073C19B7F2EB00222214 /* en */,
			);
			name = InfoPlist.strings;
			sourceTree = "<group>";
		};
		3594075419B7F2EB00222214 /* InfoPlist.strings */ = {
			isa = PBXVariantGroup;
			children = (
				3594075519B7F2EB00222214 /* en */,
			);
			name = InfoPlist.strings;
			sourceTree = "<group>";
		};
/* End PBXVariantGroup section */

/* Begin XCBuildConfiguration section */
		3594075919B7F2EB00222214 /* Debug */ = {
			isa = XCBuildConfiguration;
			buildSettings = {
				ALWAYS_SEARCH_USER_PATHS = NO;
				CLANG_CXX_LANGUAGE_STANDARD = "gnu++0x";
				CLANG_CXX_LIBRARY = "libc++";
				CLANG_ENABLE_MODULES = YES;
				CLANG_ENABLE_OBJC_ARC = YES;
				CLANG_WARN_BOOL_CONVERSION = YES;
				CLANG_WARN_CONSTANT_CONVERSION = YES;
				CLANG_WARN_DIRECT_OBJC_ISA_USAGE = YES_ERROR;
				CLANG_WARN_EMPTY_BODY = YES;
				CLANG_WARN_ENUM_CONVERSION = YES;
				CLANG_WARN_INT_CONVERSION = YES;
				CLANG_WARN_OBJC_ROOT_CLASS = YES_ERROR;
				CLANG_WARN__DUPLICATE_METHOD_MATCH = YES;
				"CODE_SIGN_IDENTITY[sdk=iphoneos*]" = "iPhone Developer";
				COPY_PHASE_STRIP = NO;
				GCC_C_LANGUAGE_STANDARD = gnu99;
				GCC_DYNAMIC_NO_PIC = NO;
				GCC_OPTIMIZATION_LEVEL = 0;
				GCC_PREPROCESSOR_DEFINITIONS = (
					"DEBUG=1",
					"$(inherited)",
				);
				GCC_SYMBOLS_PRIVATE_EXTERN = NO;
				GCC_WARN_64_TO_32_BIT_CONVERSION = YES;
				GCC_WARN_ABOUT_RETURN_TYPE = YES_ERROR;
				GCC_WARN_UNDECLARED_SELECTOR = YES;
				GCC_WARN_UNINITIALIZED_AUTOS = YES_AGGRESSIVE;
				GCC_WARN_UNUSED_FUNCTION = YES;
				GCC_WARN_UNUSED_VARIABLE = YES;
				IPHONEOS_DEPLOYMENT_TARGET = 7.1;
				ONLY_ACTIVE_ARCH = YES;
				SDKROOT = iphoneos;
			};
			name = Debug;
		};
		3594075A19B7F2EB00222214 /* Release */ = {
			isa = XCBuildConfiguration;
			buildSettings = {
				ALWAYS_SEARCH_USER_PATHS = NO;
				CLANG_CXX_LANGUAGE_STANDARD = "gnu++0x";
				CLANG_CXX_LIBRARY = "libc++";
				CLANG_ENABLE_MODULES = YES;
				CLANG_ENABLE_OBJC_ARC = YES;
				CLANG_WARN_BOOL_CONVERSION = YES;
				CLANG_WARN_CONSTANT_CONVERSION = YES;
				CLANG_WARN_DIRECT_OBJC_ISA_USAGE = YES_ERROR;
				CLANG_WARN_EMPTY_BODY = YES;
				CLANG_WARN_ENUM_CONVERSION = YES;
				CLANG_WARN_INT_CONVERSION = YES;
				CLANG_WARN_OBJC_ROOT_CLASS = YES_ERROR;
				CLANG_WARN__DUPLICATE_METHOD_MATCH = YES;
				"CODE_SIGN_IDENTITY[sdk=iphoneos*]" = "iPhone Developer";
				COPY_PHASE_STRIP = YES;
				ENABLE_NS_ASSERTIONS = NO;
				GCC_C_LANGUAGE_STANDARD = gnu99;
				GCC_WARN_64_TO_32_BIT_CONVERSION = YES;
				GCC_WARN_ABOUT_RETURN_TYPE = YES_ERROR;
				GCC_WARN_UNDECLARED_SELECTOR = YES;
				GCC_WARN_UNINITIALIZED_AUTOS = YES_AGGRESSIVE;
				GCC_WARN_UNUSED_FUNCTION = YES;
				GCC_WARN_UNUSED_VARIABLE = YES;
				IPHONEOS_DEPLOYMENT_TARGET = 7.1;
				SDKROOT = iphoneos;
				VALIDATE_PRODUCT = YES;
			};
			name = Release;
		};
		3594075C19B7F2EB00222214 /* Debug */ = {
			isa = XCBuildConfiguration;
			buildSettings = {
				ASSETCATALOG_COMPILER_APPICON_NAME = AppIcon;
				ASSETCATALOG_COMPILER_LAUNCHIMAGE_NAME = LaunchImage;
				CLANG_ENABLE_OBJC_ARC = NO;
				GCC_PRECOMPILE_PREFIX_HEADER = YES;
				GCC_PREFIX_HEADER = "循环滚动/循环滚动-Prefix.pch";
				INFOPLIST_FILE = "循环滚动/循环滚动-Info.plist";
				PRODUCT_NAME = "$(TARGET_NAME)";
				WRAPPER_EXTENSION = app;
			};
			name = Debug;
		};
		3594075D19B7F2EB00222214 /* Release */ = {
			isa = XCBuildConfiguration;
			buildSettings = {
				ASSETCATALOG_COMPILER_APPICON_NAME = AppIcon;
				ASSETCATALOG_COMPILER_LAUNCHIMAGE_NAME = LaunchImage;
				CLANG_ENABLE_OBJC_ARC = NO;
				GCC_PRECOMPILE_PREFIX_HEADER = YES;
				GCC_PREFIX_HEADER = "循环滚动/循环滚动-Prefix.pch";
				INFOPLIST_FILE = "循环滚动/循环滚动-Info.plist";
				PRODUCT_NAME = "$(TARGET_NAME)";
				WRAPPER_EXTENSION = app;
			};
			name = Release;
		};
		3594075F19B7F2EB00222214 /* Debug */ = {
			isa = XCBuildConfiguration;
			buildSettings = {
				BUNDLE_LOADER = "$(BUILT_PRODUCTS_DIR)/循环滚动.app/循环滚动";
				FRAMEWORK_SEARCH_PATHS = (
					"$(SDKROOT)/Developer/Library/Frameworks",
					"$(inherited)",
					"$(DEVELOPER_FRAMEWORKS_DIR)",
				);
				GCC_PRECOMPILE_PREFIX_HEADER = YES;
				GCC_PREFIX_HEADER = "循环滚动/循环滚动-Prefix.pch";
				GCC_PREPROCESSOR_DEFINITIONS = (
					"DEBUG=1",
					"$(inherited)",
				);
				INFOPLIST_FILE = "循环滚动Tests/循环滚动Tests-Info.plist";
				PRODUCT_NAME = "$(TARGET_NAME)";
				TEST_HOST = "$(BUNDLE_LOADER)";
				WRAPPER_EXTENSION = xctest;
			};
			name = Debug;
		};
		3594076019B7F2EB00222214 /* Release */ = {
			isa = XCBuildConfiguration;
			buildSettings = {
				BUNDLE_LOADER = "$(BUILT_PRODUCTS_DIR)/循环滚动.app/循环滚动";
				FRAMEWORK_SEARCH_PATHS = (
					"$(SDKROOT)/Developer/Library/Frameworks",
					"$(inherited)",
					"$(DEVELOPER_FRAMEWORKS_DIR)",
				);
				GCC_PRECOMPILE_PREFIX_HEADER = YES;
				GCC_PREFIX_HEADER = "循环滚动/循环滚动-Prefix.pch";
				INFOPLIST_FILE = "循环滚动Tests/循环滚动Tests-Info.plist";
				PRODUCT_NAME = "$(TARGET_NAME)";
				TEST_HOST = "$(BUNDLE_LOADER)";
				WRAPPER_EXTENSION = xctest;
			};
			name = Release;
		};
/* End XCBuildConfiguration section */

/* Begin XCConfigurationList section */
		3594072A19B7F2EB00222214 /* Build configuration list for PBXProject "循环滚动" */ = {
			isa = XCConfigurationList;
			buildConfigurations = (
				3594075919B7F2EB00222214 /* Debug */,
				3594075A19B7F2EB00222214 /* Release */,
			);
			defaultConfigurationIsVisible = 0;
			defaultConfigurationName = Release;
		};
		3594075B19B7F2EB00222214 /* Build configuration list for PBXNativeTarget "循环滚动" */ = {
			isa = XCConfigurationList;
			buildConfigurations = (
				3594075C19B7F2EB00222214 /* Debug */,
				3594075D19B7F2EB00222214 /* Release */,
			);
			defaultConfigurationIsVisible = 0;
		};
		3594075E19B7F2EB00222214 /* Build configuration list for PBXNativeTarget "循环滚动Tests" */ = {
			isa = XCConfigurationList;
			buildConfigurations = (
				3594075F19B7F2EB00222214 /* Debug */,
				3594076019B7F2EB00222214 /* Release */,
			);
			defaultConfigurationIsVisible = 0;
		};
/* End XCConfigurationList section */
	};
	rootObject = 3594072719B7F2EB00222214 /* Project object */;
}
