// !$*UTF8*$!
{
	archiveVersion = 1;
	classes = {
	};
	objectVersion = 46;
	objects = {

/* Begin PBXBuildFile section */
		B4C72AE71BA3B3C900B1726E /* main.m in Sources */ = {isa = PBXBuildFile; fileRef = B4C72AE61BA3B3C900B1726E /* main.m */; };
		B4C72AEA1BA3B3C900B1726E /* AppDelegate.m in Sources */ = {isa = PBXBuildFile; fileRef = B4C72AE91BA3B3C900B1726E /* AppDelegate.m */; };
		B4C72AED1BA3B3C900B1726E /* ViewController.m in Sources */ = {isa = PBXBuildFile; fileRef = B4C72AEC1BA3B3C900B1726E /* ViewController.m */; };
		B4C72AF01BA3B3C900B1726E /* Main.storyboard in Resources */ = {isa = PBXBuildFile; fileRef = B4C72AEE1BA3B3C900B1726E /* Main.storyboard */; };
		B4C72AF21BA3B3C900B1726E /* Images.xcassets in Resources */ = {isa = PBXBuildFile; fileRef = B4C72AF11BA3B3C900B1726E /* Images.xcassets */; };
		B4C72AF51BA3B3C900B1726E /* LaunchScreen.xib in Resources */ = {isa = PBXBuildFile; fileRef = B4C72AF31BA3B3C900B1726E /* LaunchScreen.xib */; };
		B4C72B011BA3B3C900B1726E /* Hit__TestTests.m in Sources */ = {isa = PBXBuildFile; fileRef = B4C72B001BA3B3C900B1726E /* Hit__TestTests.m */; };
		B4C72B0C1BA3B43B00B1726E /* TestA.m in Sources */ = {isa = PBXBuildFile; fileRef = B4C72B0B1BA3B43B00B1726E /* TestA.m */; };
		B4C72B0F1BA3B44200B1726E /* TestB.m in Sources */ = {isa = PBXBuildFile; fileRef = B4C72B0E1BA3B44200B1726E /* TestB.m */; };
/* End PBXBuildFile section */

/* Begin PBXContainerItemProxy section */
		B4C72AFB1BA3B3C900B1726E /* PBXContainerItemProxy */ = {
			isa = PBXContainerItemProxy;
			containerPortal = B4C72AD91BA3B3C900B1726E /* Project object */;
			proxyType = 1;
			remoteGlobalIDString = B4C72AE01BA3B3C900B1726E;
			remoteInfo = "Hit——Test";
		};
/* End PBXContainerItemProxy section */

/* Begin PBXFileReference section */
		B4C72AE11BA3B3C900B1726E /* Hit——Test.app */ = {isa = PBXFileReference; explicitFileType = wrapper.application; includeInIndex = 0; path = "Hit——Test.app"; sourceTree = BUILT_PRODUCTS_DIR; };
		B4C72AE51BA3B3C900B1726E /* Info.plist */ = {isa = PBXFileReference; lastKnownFileType = text.plist.xml; path = Info.plist; sourceTree = "<group>"; };
		B4C72AE61BA3B3C900B1726E /* main.m */ = {isa = PBXFileReference; lastKnownFileType = sourcecode.c.objc; path = main.m; sourceTree = "<group>"; };
		B4C72AE81BA3B3C900B1726E /* AppDelegate.h */ = {isa = PBXFileReference; lastKnownFileType = sourcecode.c.h; path = AppDelegate.h; sourceTree = "<group>"; };
		B4C72AE91BA3B3C900B1726E /* AppDelegate.m */ = {isa = PBXFileReference; lastKnownFileType = sourcecode.c.objc; path = AppDelegate.m; sourceTree = "<group>"; };
		B4C72AEB1BA3B3C900B1726E /* ViewController.h */ = {isa = PBXFileReference; lastKnownFileType = sourcecode.c.h; path = ViewController.h; sourceTree = "<group>"; };
		B4C72AEC1BA3B3C900B1726E /* ViewController.m */ = {isa = PBXFileReference; lastKnownFileType = sourcecode.c.objc; path = ViewController.m; sourceTree = "<group>"; };
		B4C72AEF1BA3B3C900B1726E /* Base */ = {isa = PBXFileReference; lastKnownFileType = file.storyboard; name = Base; path = Base.lproj/Main.storyboard; sourceTree = "<group>"; };
		B4C72AF11BA3B3C900B1726E /* Images.xcassets */ = {isa = PBXFileReference; lastKnownFileType = folder.assetcatalog; path = Images.xcassets; sourceTree = "<group>"; };
		B4C72AF41BA3B3C900B1726E /* Base */ = {isa = PBXFileReference; lastKnownFileType = file.xib; name = Base; path = Base.lproj/LaunchScreen.xib; sourceTree = "<group>"; };
		B4C72AFA1BA3B3C900B1726E /* Hit——TestTests.xctest */ = {isa = PBXFileReference; explicitFileType = wrapper.cfbundle; includeInIndex = 0; path = "Hit——TestTests.xctest"; sourceTree = BUILT_PRODUCTS_DIR; };
		B4C72AFF1BA3B3C900B1726E /* Info.plist */ = {isa = PBXFileReference; lastKnownFileType = text.plist.xml; path = Info.plist; sourceTree = "<group>"; };
		B4C72B001BA3B3C900B1726E /* Hit__TestTests.m */ = {isa = PBXFileReference; lastKnownFileType = sourcecode.c.objc; path = Hit__TestTests.m; sourceTree = "<group>"; };
		B4C72B0A1BA3B43B00B1726E /* TestA.h */ = {isa = PBXFileReference; fileEncoding = 4; lastKnownFileType = sourcecode.c.h; path = TestA.h; sourceTree = "<group>"; };
		B4C72B0B1BA3B43B00B1726E /* TestA.m */ = {isa = PBXFileReference; fileEncoding = 4; lastKnownFileType = sourcecode.c.objc; path = TestA.m; sourceTree = "<group>"; };
		B4C72B0D1BA3B44200B1726E /* TestB.h */ = {isa = PBXFileReference; fileEncoding = 4; lastKnownFileType = sourcecode.c.h; path = TestB.h; sourceTree = "<group>"; };
		B4C72B0E1BA3B44200B1726E /* TestB.m */ = {isa = PBXFileReference; fileEncoding = 4; lastKnownFileType = sourcecode.c.objc; path = TestB.m; sourceTree = "<group>"; };
/* End PBXFileReference section */

/* Begin PBXFrameworksBuildPhase section */
		B4C72ADE1BA3B3C900B1726E /* Frameworks */ = {
			isa = PBXFrameworksBuildPhase;
			buildActionMask = 2147483647;
			files = (
			);
			runOnlyForDeploymentPostprocessing = 0;
		};
		B4C72AF71BA3B3C900B1726E /* Frameworks */ = {
			isa = PBXFrameworksBuildPhase;
			buildActionMask = 2147483647;
			files = (
			);
			runOnlyForDeploymentPostprocessing = 0;
		};
/* End PBXFrameworksBuildPhase section */

/* Begin PBXGroup section */
		B4C72AD81BA3B3C900B1726E = {
			isa = PBXGroup;
			children = (
				B4C72AE31BA3B3C900B1726E /* Hit——Test */,
				B4C72AFD1BA3B3C900B1726E /* Hit——TestTests */,
				B4C72AE21BA3B3C900B1726E /* Products */,
			);
			sourceTree = "<group>";
		};
		B4C72AE21BA3B3C900B1726E /* Products */ = {
			isa = PBXGroup;
			children = (
				B4C72AE11BA3B3C900B1726E /* Hit——Test.app */,
				B4C72AFA1BA3B3C900B1726E /* Hit——TestTests.xctest */,
			);
			name = Products;
			sourceTree = "<group>";
		};
		B4C72AE31BA3B3C900B1726E /* Hit——Test */ = {
			isa = PBXGroup;
			children = (
				B4C72AE81BA3B3C900B1726E /* AppDelegate.h */,
				B4C72AE91BA3B3C900B1726E /* AppDelegate.m */,
				B4C72AEB1BA3B3C900B1726E /* ViewController.h */,
				B4C72AEC1BA3B3C900B1726E /* ViewController.m */,
				B4C72B0D1BA3B44200B1726E /* TestB.h */,
				B4C72B0E1BA3B44200B1726E /* TestB.m */,
				B4C72B0A1BA3B43B00B1726E /* TestA.h */,
				B4C72B0B1BA3B43B00B1726E /* TestA.m */,
				B4C72AEE1BA3B3C900B1726E /* Main.storyboard */,
				B4C72AF11BA3B3C900B1726E /* Images.xcassets */,
				B4C72AF31BA3B3C900B1726E /* LaunchScreen.xib */,
				B4C72AE41BA3B3C900B1726E /* Supporting Files */,
			);
			path = "Hit——Test";
			sourceTree = "<group>";
		};
		B4C72AE41BA3B3C900B1726E /* Supporting Files */ = {
			isa = PBXGroup;
			children = (
				B4C72AE51BA3B3C900B1726E /* Info.plist */,
				B4C72AE61BA3B3C900B1726E /* main.m */,
			);
			name = "Supporting Files";
			sourceTree = "<group>";
		};
		B4C72AFD1BA3B3C900B1726E /* Hit——TestTests */ = {
			isa = PBXGroup;
			children = (
				B4C72B001BA3B3C900B1726E /* Hit__TestTests.m */,
				B4C72AFE1BA3B3C900B1726E /* Supporting Files */,
			);
			path = "Hit——TestTests";
			sourceTree = "<group>";
		};
		B4C72AFE1BA3B3C900B1726E /* Supporting Files */ = {
			isa = PBXGroup;
			children = (
				B4C72AFF1BA3B3C900B1726E /* Info.plist */,
			);
			name = "Supporting Files";
			sourceTree = "<group>";
		};
/* End PBXGroup section */

/* Begin PBXNativeTarget section */
		B4C72AE01BA3B3C900B1726E /* Hit——Test */ = {
			isa = PBXNativeTarget;
			buildConfigurationList = B4C72B041BA3B3C900B1726E /* Build configuration list for PBXNativeTarget "Hit——Test" */;
			buildPhases = (
				B4C72ADD1BA3B3C900B1726E /* Sources */,
				B4C72ADE1BA3B3C900B1726E /* Frameworks */,
				B4C72ADF1BA3B3C900B1726E /* Resources */,
			);
			buildRules = (
			);
			dependencies = (
			);
			name = "Hit——Test";
			productName = "Hit——Test";
			productReference = B4C72AE11BA3B3C900B1726E /* Hit——Test.app */;
			productType = "com.apple.product-type.application";
		};
		B4C72AF91BA3B3C900B1726E /* Hit——TestTests */ = {
			isa = PBXNativeTarget;
			buildConfigurationList = B4C72B071BA3B3C900B1726E /* Build configuration list for PBXNativeTarget "Hit——TestTests" */;
			buildPhases = (
				B4C72AF61BA3B3C900B1726E /* Sources */,
				B4C72AF71BA3B3C900B1726E /* Frameworks */,
				B4C72AF81BA3B3C900B1726E /* Resources */,
			);
			buildRules = (
			);
			dependencies = (
				B4C72AFC1BA3B3C900B1726E /* PBXTargetDependency */,
			);
			name = "Hit——TestTests";
			productName = "Hit——TestTests";
			productReference = B4C72AFA1BA3B3C900B1726E /* Hit——TestTests.xctest */;
			productType = "com.apple.product-type.bundle.unit-test";
		};
/* End PBXNativeTarget section */

/* Begin PBXProject section */
		B4C72AD91BA3B3C900B1726E /* Project object */ = {
			isa = PBXProject;
			attributes = {
				LastUpgradeCheck = 0640;
				ORGANIZATIONNAME = "好样的";
				TargetAttributes = {
					B4C72AE01BA3B3C900B1726E = {
						CreatedOnToolsVersion = 6.4;
					};
					B4C72AF91BA3B3C900B1726E = {
						CreatedOnToolsVersion = 6.4;
						TestTargetID = B4C72AE01BA3B3C900B1726E;
					};
				};
			};
			buildConfigurationList = B4C72ADC1BA3B3C900B1726E /* Build configuration list for PBXProject "Hit——Test" */;
			compatibilityVersion = "Xcode 3.2";
			developmentRegion = English;
			hasScannedForEncodings = 0;
			knownRegions = (
				en,
				Base,
			);
			mainGroup = B4C72AD81BA3B3C900B1726E;
			productRefGroup = B4C72AE21BA3B3C900B1726E /* Products */;
			projectDirPath = "";
			projectRoot = "";
			targets = (
				B4C72AE01BA3B3C900B1726E /* Hit——Test */,
				B4C72AF91BA3B3C900B1726E /* Hit——TestTests */,
			);
		};
/* End PBXProject section */

/* Begin PBXResourcesBuildPhase section */
		B4C72ADF1BA3B3C900B1726E /* Resources */ = {
			isa = PBXResourcesBuildPhase;
			buildActionMask = 2147483647;
			files = (
				B4C72AF01BA3B3C900B1726E /* Main.storyboard in Resources */,
				B4C72AF51BA3B3C900B1726E /* LaunchScreen.xib in Resources */,
				B4C72AF21BA3B3C900B1726E /* Images.xcassets in Resources */,
			);
			runOnlyForDeploymentPostprocessing = 0;
		};
		B4C72AF81BA3B3C900B1726E /* Resources */ = {
			isa = PBXResourcesBuildPhase;
			buildActionMask = 2147483647;
			files = (
			);
			runOnlyForDeploymentPostprocessing = 0;
		};
/* End PBXResourcesBuildPhase section */

/* Begin PBXSourcesBuildPhase section */
		B4C72ADD1BA3B3C900B1726E /* Sources */ = {
			isa = PBXSourcesBuildPhase;
			buildActionMask = 2147483647;
			files = (
				B4C72AED1BA3B3C900B1726E /* ViewController.m in Sources */,
				B4C72AEA1BA3B3C900B1726E /* AppDelegate.m in Sources */,
				B4C72AE71BA3B3C900B1726E /* main.m in Sources */,
				B4C72B0C1BA3B43B00B1726E /* TestA.m in Sources */,
				B4C72B0F1BA3B44200B1726E /* TestB.m in Sources */,
			);
			runOnlyForDeploymentPostprocessing = 0;
		};
		B4C72AF61BA3B3C900B1726E /* Sources */ = {
			isa = PBXSourcesBuildPhase;
			buildActionMask = 2147483647;
			files = (
				B4C72B011BA3B3C900B1726E /* Hit__TestTests.m in Sources */,
			);
			runOnlyForDeploymentPostprocessing = 0;
		};
/* End PBXSourcesBuildPhase section */

/* Begin PBXTargetDependency section */
		B4C72AFC1BA3B3C900B1726E /* PBXTargetDependency */ = {
			isa = PBXTargetDependency;
			target = B4C72AE01BA3B3C900B1726E /* Hit——Test */;
			targetProxy = B4C72AFB1BA3B3C900B1726E /* PBXContainerItemProxy */;
		};
/* End PBXTargetDependency section */

/* Begin PBXVariantGroup section */
		B4C72AEE1BA3B3C900B1726E /* Main.storyboard */ = {
			isa = PBXVariantGroup;
			children = (
				B4C72AEF1BA3B3C900B1726E /* Base */,
			);
			name = Main.storyboard;
			sourceTree = "<group>";
		};
		B4C72AF31BA3B3C900B1726E /* LaunchScreen.xib */ = {
			isa = PBXVariantGroup;
			children = (
				B4C72AF41BA3B3C900B1726E /* Base */,
			);
			name = LaunchScreen.xib;
			sourceTree = "<group>";
		};
/* End PBXVariantGroup section */

/* Begin XCBuildConfiguration section */
		B4C72B021BA3B3C900B1726E /* Debug */ = {
			isa = XCBuildConfiguration;
			buildSettings = {
				ALWAYS_SEARCH_USER_PATHS = NO;
				CLANG_CXX_LANGUAGE_STANDARD = "gnu++0x";
				CLANG_CXX_LIBRARY = "libc++";
				CLANG_ENABLE_MODULES = YES;
				CLANG_ENABLE_OBJC_ARC = YES;
				CLANG_WARN_BOOL_CONVERSION = YES;
				CLANG_WARN_CONSTANT_CONVERSION = YES;
				CLANG_WARN_DIRECT_OBJC_ISA_USAGE = YES_ERROR;
				CLANG_WARN_EMPTY_BODY = YES;
				CLANG_WARN_ENUM_CONVERSION = YES;
				CLANG_WARN_INT_CONVERSION = YES;
				CLANG_WARN_OBJC_ROOT_CLASS = YES_ERROR;
				CLANG_WARN_UNREACHABLE_CODE = YES;
				CLANG_WARN__DUPLICATE_METHOD_MATCH = YES;
				"CODE_SIGN_IDENTITY[sdk=iphoneos*]" = "iPhone Developer";
				COPY_PHASE_STRIP = NO;
				DEBUG_INFORMATION_FORMAT = "dwarf-with-dsym";
				ENABLE_STRICT_OBJC_MSGSEND = YES;
				GCC_C_LANGUAGE_STANDARD = gnu99;
				GCC_DYNAMIC_NO_PIC = NO;
				GCC_NO_COMMON_BLOCKS = YES;
				GCC_OPTIMIZATION_LEVEL = 0;
				GCC_PREPROCESSOR_DEFINITIONS = (
					"DEBUG=1",
					"$(inherited)",
				);
				GCC_SYMBOLS_PRIVATE_EXTERN = NO;
				GCC_WARN_64_TO_32_BIT_CONVERSION = YES;
				GCC_WARN_ABOUT_RETURN_TYPE = YES_ERROR;
				GCC_WARN_UNDECLARED_SELECTOR = YES;
				GCC_WARN_UNINITIALIZED_AUTOS = YES_AGGRESSIVE;
				GCC_WARN_UNUSED_FUNCTION = YES;
				GCC_WARN_UNUSED_VARIABLE = YES;
				IPHONEOS_DEPLOYMENT_TARGET = 8.4;
				MTL_ENABLE_DEBUG_INFO = YES;
				ONLY_ACTIVE_ARCH = YES;
				SDKROOT = iphoneos;
				TARGETED_DEVICE_FAMILY = "1,2";
			};
			name = Debug;
		};
		B4C72B031BA3B3C900B1726E /* Release */ = {
			isa = XCBuildConfiguration;
			buildSettings = {
				ALWAYS_SEARCH_USER_PATHS = NO;
				CLANG_CXX_LANGUAGE_STANDARD = "gnu++0x";
				CLANG_CXX_LIBRARY = "libc++";
				CLANG_ENABLE_MODULES = YES;
				CLANG_ENABLE_OBJC_ARC = YES;
				CLANG_WARN_BOOL_CONVERSION = YES;
				CLANG_WARN_CONSTANT_CONVERSION = YES;
				CLANG_WARN_DIRECT_OBJC_ISA_USAGE = YES_ERROR;
				CLANG_WARN_EMPTY_BODY = YES;
				CLANG_WARN_ENUM_CONVERSION = YES;
				CLANG_WARN_INT_CONVERSION = YES;
				CLANG_WARN_OBJC_ROOT_CLASS = YES_ERROR;
				CLANG_WARN_UNREACHABLE_CODE = YES;
				CLANG_WARN__DUPLICATE_METHOD_MATCH = YES;
				"CODE_SIGN_IDENTITY[sdk=iphoneos*]" = "iPhone Developer";
				COPY_PHASE_STRIP = NO;
				DEBUG_INFORMATION_FORMAT = "dwarf-with-dsym";
				ENABLE_NS_ASSERTIONS = NO;
				ENABLE_STRICT_OBJC_MSGSEND = YES;
				GCC_C_LANGUAGE_STANDARD = gnu99;
				GCC_NO_COMMON_BLOCKS = YES;
				GCC_WARN_64_TO_32_BIT_CONVERSION = YES;
				GCC_WARN_ABOUT_RETURN_TYPE = YES_ERROR;
				GCC_WARN_UNDECLARED_SELECTOR = YES;
				GCC_WARN_UNINITIALIZED_AUTOS = YES_AGGRESSIVE;
				GCC_WARN_UNUSED_FUNCTION = YES;
				GCC_WARN_UNUSED_VARIABLE = YES;
				IPHONEOS_DEPLOYMENT_TARGET = 8.4;
				MTL_ENABLE_DEBUG_INFO = NO;
				SDKROOT = iphoneos;
				TARGETED_DEVICE_FAMILY = "1,2";
				VALIDATE_PRODUCT = YES;
			};
			name = Release;
		};
		B4C72B051BA3B3C900B1726E /* Debug */ = {
			isa = XCBuildConfiguration;
			buildSettings = {
				ASSETCATALOG_COMPILER_APPICON_NAME = AppIcon;
				INFOPLIST_FILE = "Hit——Test/Info.plist";
				LD_RUNPATH_SEARCH_PATHS = "$(inherited) @executable_path/Frameworks";
				PRODUCT_NAME = "$(TARGET_NAME)";
			};
			name = Debug;
		};
		B4C72B061BA3B3C900B1726E /* Release */ = {
			isa = XCBuildConfiguration;
			buildSettings = {
				ASSETCATALOG_COMPILER_APPICON_NAME = AppIcon;
				INFOPLIST_FILE = "Hit——Test/Info.plist";
				LD_RUNPATH_SEARCH_PATHS = "$(inherited) @executable_path/Frameworks";
				PRODUCT_NAME = "$(TARGET_NAME)";
			};
			name = Release;
		};
		B4C72B081BA3B3C900B1726E /* Debug */ = {
			isa = XCBuildConfiguration;
			buildSettings = {
				BUNDLE_LOADER = "$(TEST_HOST)";
				FRAMEWORK_SEARCH_PATHS = (
					"$(SDKROOT)/Developer/Library/Frameworks",
					"$(inherited)",
				);
				GCC_PREPROCESSOR_DEFINITIONS = (
					"DEBUG=1",
					"$(inherited)",
				);
				INFOPLIST_FILE = "Hit——TestTests/Info.plist";
				LD_RUNPATH_SEARCH_PATHS = "$(inherited) @executable_path/Frameworks @loader_path/Frameworks";
				PRODUCT_NAME = "$(TARGET_NAME)";
				TEST_HOST = "$(BUILT_PRODUCTS_DIR)/Hit——Test.app/Hit——Test";
			};
			name = Debug;
		};
		B4C72B091BA3B3C900B1726E /* Release */ = {
			isa = XCBuildConfiguration;
			buildSettings = {
				BUNDLE_LOADER = "$(TEST_HOST)";
				FRAMEWORK_SEARCH_PATHS = (
					"$(SDKROOT)/Developer/Library/Frameworks",
					"$(inherited)",
				);
				INFOPLIST_FILE = "Hit——TestTests/Info.plist";
				LD_RUNPATH_SEARCH_PATHS = "$(inherited) @executable_path/Frameworks @loader_path/Frameworks";
				PRODUCT_NAME = "$(TARGET_NAME)";
				TEST_HOST = "$(BUILT_PRODUCTS_DIR)/Hit——Test.app/Hit——Test";
			};
			name = Release;
		};
/* End XCBuildConfiguration section */

/* Begin XCConfigurationList section */
		B4C72ADC1BA3B3C900B1726E /* Build configuration list for PBXProject "Hit——Test" */ = {
			isa = XCConfigurationList;
			buildConfigurations = (
				B4C72B021BA3B3C900B1726E /* Debug */,
				B4C72B031BA3B3C900B1726E /* Release */,
			);
			defaultConfigurationIsVisible = 0;
			defaultConfigurationName = Release;
		};
		B4C72B041BA3B3C900B1726E /* Build configuration list for PBXNativeTarget "Hit——Test" */ = {
			isa = XCConfigurationList;
			buildConfigurations = (
				B4C72B051BA3B3C900B1726E /* Debug */,
				B4C72B061BA3B3C900B1726E /* Release */,
			);
			defaultConfigurationIsVisible = 0;
		};
		B4C72B071BA3B3C900B1726E /* Build configuration list for PBXNativeTarget "Hit——TestTests" */ = {
			isa = XCConfigurationList;
			buildConfigurations = (
				B4C72B081BA3B3C900B1726E /* Debug */,
				B4C72B091BA3B3C900B1726E /* Release */,
			);
			defaultConfigurationIsVisible = 0;
		};
/* End XCConfigurationList section */
	};
	rootObject = B4C72AD91BA3B3C900B1726E /* Project object */;
}
