// !$*UTF8*$!
{
	archiveVersion = 1;
	classes = {
	};
	objectVersion = 46;
	objects = {

/* Begin PBXBuildFile section */
		356F5BBE19CA864200FA9A00 /* Foundation.framework in Frameworks */ = {isa = PBXBuildFile; fileRef = 356F5BBD19CA864200FA9A00 /* Foundation.framework */; };
		356F5BC119CA864200FA9A00 /* main.m in Sources */ = {isa = PBXBuildFile; fileRef = 356F5BC019CA864200FA9A00 /* main.m */; };
		356F5BC519CA864200FA9A00 /* QFLock.1 in CopyFiles */ = {isa = PBXBuildFile; fileRef = 356F5BC419CA864200FA9A00 /* QFLock.1 */; };
		356F5BCD19CA865400FA9A00 /* QFLock.m in Sources */ = {isa = PBXBuildFile; fileRef = 356F5BCC19CA865400FA9A00 /* QFLock.m */; };
		356F5BD019CA87EC00FA9A00 /* QFThread.m in Sources */ = {isa = PBXBuildFile; fileRef = 356F5BCF19CA87EC00FA9A00 /* QFThread.m */; };
/* End PBXBuildFile section */

/* Begin PBXCopyFilesBuildPhase section */
		356F5BB819CA864200FA9A00 /* CopyFiles */ = {
			isa = PBXCopyFilesBuildPhase;
			buildActionMask = 2147483647;
			dstPath = /usr/share/man/man1/;
			dstSubfolderSpec = 0;
			files = (
				356F5BC519CA864200FA9A00 /* QFLock.1 in CopyFiles */,
			);
			runOnlyForDeploymentPostprocessing = 1;
		};
/* End PBXCopyFilesBuildPhase section */

/* Begin PBXFileReference section */
		356F5BBA19CA864200FA9A00 /* QFLock */ = {isa = PBXFileReference; explicitFileType = "compiled.mach-o.executable"; includeInIndex = 0; path = QFLock; sourceTree = BUILT_PRODUCTS_DIR; };
		356F5BBD19CA864200FA9A00 /* Foundation.framework */ = {isa = PBXFileReference; lastKnownFileType = wrapper.framework; name = Foundation.framework; path = System/Library/Frameworks/Foundation.framework; sourceTree = SDKROOT; };
		356F5BC019CA864200FA9A00 /* main.m */ = {isa = PBXFileReference; lastKnownFileType = sourcecode.c.objc; path = main.m; sourceTree = "<group>"; };
		356F5BC319CA864200FA9A00 /* QFLock-Prefix.pch */ = {isa = PBXFileReference; lastKnownFileType = sourcecode.c.h; path = "QFLock-Prefix.pch"; sourceTree = "<group>"; };
		356F5BC419CA864200FA9A00 /* QFLock.1 */ = {isa = PBXFileReference; lastKnownFileType = text.man; path = QFLock.1; sourceTree = "<group>"; };
		356F5BCB19CA865400FA9A00 /* QFLock.h */ = {isa = PBXFileReference; fileEncoding = 4; lastKnownFileType = sourcecode.c.h; path = QFLock.h; sourceTree = "<group>"; };
		356F5BCC19CA865400FA9A00 /* QFLock.m */ = {isa = PBXFileReference; fileEncoding = 4; lastKnownFileType = sourcecode.c.objc; path = QFLock.m; sourceTree = "<group>"; };
		356F5BCE19CA87EC00FA9A00 /* QFThread.h */ = {isa = PBXFileReference; fileEncoding = 4; lastKnownFileType = sourcecode.c.h; path = QFThread.h; sourceTree = "<group>"; };
		356F5BCF19CA87EC00FA9A00 /* QFThread.m */ = {isa = PBXFileReference; fileEncoding = 4; lastKnownFileType = sourcecode.c.objc; path = QFThread.m; sourceTree = "<group>"; };
/* End PBXFileReference section */

/* Begin PBXFrameworksBuildPhase section */
		356F5BB719CA864200FA9A00 /* Frameworks */ = {
			isa = PBXFrameworksBuildPhase;
			buildActionMask = 2147483647;
			files = (
				356F5BBE19CA864200FA9A00 /* Foundation.framework in Frameworks */,
			);
			runOnlyForDeploymentPostprocessing = 0;
		};
/* End PBXFrameworksBuildPhase section */

/* Begin PBXGroup section */
		356F5BB119CA864200FA9A00 = {
			isa = PBXGroup;
			children = (
				356F5BBF19CA864200FA9A00 /* QFLock */,
				356F5BBC19CA864200FA9A00 /* Frameworks */,
				356F5BBB19CA864200FA9A00 /* Products */,
			);
			sourceTree = "<group>";
		};
		356F5BBB19CA864200FA9A00 /* Products */ = {
			isa = PBXGroup;
			children = (
				356F5BBA19CA864200FA9A00 /* QFLock */,
			);
			name = Products;
			sourceTree = "<group>";
		};
		356F5BBC19CA864200FA9A00 /* Frameworks */ = {
			isa = PBXGroup;
			children = (
				356F5BBD19CA864200FA9A00 /* Foundation.framework */,
			);
			name = Frameworks;
			sourceTree = "<group>";
		};
		356F5BBF19CA864200FA9A00 /* QFLock */ = {
			isa = PBXGroup;
			children = (
				356F5BCE19CA87EC00FA9A00 /* QFThread.h */,
				356F5BCF19CA87EC00FA9A00 /* QFThread.m */,
				356F5BC019CA864200FA9A00 /* main.m */,
				356F5BCB19CA865400FA9A00 /* QFLock.h */,
				356F5BCC19CA865400FA9A00 /* QFLock.m */,
				356F5BC419CA864200FA9A00 /* QFLock.1 */,
				356F5BC219CA864200FA9A00 /* Supporting Files */,
			);
			path = QFLock;
			sourceTree = "<group>";
		};
		356F5BC219CA864200FA9A00 /* Supporting Files */ = {
			isa = PBXGroup;
			children = (
				356F5BC319CA864200FA9A00 /* QFLock-Prefix.pch */,
			);
			name = "Supporting Files";
			sourceTree = "<group>";
		};
/* End PBXGroup section */

/* Begin PBXNativeTarget section */
		356F5BB919CA864200FA9A00 /* QFLock */ = {
			isa = PBXNativeTarget;
			buildConfigurationList = 356F5BC819CA864200FA9A00 /* Build configuration list for PBXNativeTarget "QFLock" */;
			buildPhases = (
				356F5BB619CA864200FA9A00 /* Sources */,
				356F5BB719CA864200FA9A00 /* Frameworks */,
				356F5BB819CA864200FA9A00 /* CopyFiles */,
			);
			buildRules = (
			);
			dependencies = (
			);
			name = QFLock;
			productName = QFLock;
			productReference = 356F5BBA19CA864200FA9A00 /* QFLock */;
			productType = "com.apple.product-type.tool";
		};
/* End PBXNativeTarget section */

/* Begin PBXProject section */
		356F5BB219CA864200FA9A00 /* Project object */ = {
			isa = PBXProject;
			attributes = {
				LastUpgradeCheck = 0510;
				ORGANIZATIONNAME = "chen cheng";
			};
			buildConfigurationList = 356F5BB519CA864200FA9A00 /* Build configuration list for PBXProject "QFLock" */;
			compatibilityVersion = "Xcode 3.2";
			developmentRegion = English;
			hasScannedForEncodings = 0;
			knownRegions = (
				en,
			);
			mainGroup = 356F5BB119CA864200FA9A00;
			productRefGroup = 356F5BBB19CA864200FA9A00 /* Products */;
			projectDirPath = "";
			projectRoot = "";
			targets = (
				356F5BB919CA864200FA9A00 /* QFLock */,
			);
		};
/* End PBXProject section */

/* Begin PBXSourcesBuildPhase section */
		356F5BB619CA864200FA9A00 /* Sources */ = {
			isa = PBXSourcesBuildPhase;
			buildActionMask = 2147483647;
			files = (
				356F5BD019CA87EC00FA9A00 /* QFThread.m in Sources */,
				356F5BC119CA864200FA9A00 /* main.m in Sources */,
				356F5BCD19CA865400FA9A00 /* QFLock.m in Sources */,
			);
			runOnlyForDeploymentPostprocessing = 0;
		};
/* End PBXSourcesBuildPhase section */

/* Begin XCBuildConfiguration section */
		356F5BC619CA864200FA9A00 /* Debug */ = {
			isa = XCBuildConfiguration;
			buildSettings = {
				ALWAYS_SEARCH_USER_PATHS = NO;
				CLANG_CXX_LANGUAGE_STANDARD = "gnu++0x";
				CLANG_CXX_LIBRARY = "libc++";
				CLANG_ENABLE_MODULES = YES;
				CLANG_ENABLE_OBJC_ARC = YES;
				CLANG_WARN_BOOL_CONVERSION = YES;
				CLANG_WARN_CONSTANT_CONVERSION = YES;
				CLANG_WARN_DIRECT_OBJC_ISA_USAGE = YES_ERROR;
				CLANG_WARN_EMPTY_BODY = YES;
				CLANG_WARN_ENUM_CONVERSION = YES;
				CLANG_WARN_INT_CONVERSION = YES;
				CLANG_WARN_OBJC_ROOT_CLASS = YES_ERROR;
				CLANG_WARN__DUPLICATE_METHOD_MATCH = YES;
				COPY_PHASE_STRIP = NO;
				GCC_C_LANGUAGE_STANDARD = gnu99;
				GCC_DYNAMIC_NO_PIC = NO;
				GCC_ENABLE_OBJC_EXCEPTIONS = YES;
				GCC_OPTIMIZATION_LEVEL = 0;
				GCC_PREPROCESSOR_DEFINITIONS = (
					"DEBUG=1",
					"$(inherited)",
				);
				GCC_SYMBOLS_PRIVATE_EXTERN = NO;
				GCC_WARN_64_TO_32_BIT_CONVERSION = YES;
				GCC_WARN_ABOUT_RETURN_TYPE = YES_ERROR;
				GCC_WARN_UNDECLARED_SELECTOR = YES;
				GCC_WARN_UNINITIALIZED_AUTOS = YES_AGGRESSIVE;
				GCC_WARN_UNUSED_FUNCTION = YES;
				GCC_WARN_UNUSED_VARIABLE = YES;
				MACOSX_DEPLOYMENT_TARGET = 10.9;
				ONLY_ACTIVE_ARCH = YES;
				SDKROOT = macosx;
			};
			name = Debug;
		};
		356F5BC719CA864200FA9A00 /* Release */ = {
			isa = XCBuildConfiguration;
			buildSettings = {
				ALWAYS_SEARCH_USER_PATHS = NO;
				CLANG_CXX_LANGUAGE_STANDARD = "gnu++0x";
				CLANG_CXX_LIBRARY = "libc++";
				CLANG_ENABLE_MODULES = YES;
				CLANG_ENABLE_OBJC_ARC = YES;
				CLANG_WARN_BOOL_CONVERSION = YES;
				CLANG_WARN_CONSTANT_CONVERSION = YES;
				CLANG_WARN_DIRECT_OBJC_ISA_USAGE = YES_ERROR;
				CLANG_WARN_EMPTY_BODY = YES;
				CLANG_WARN_ENUM_CONVERSION = YES;
				CLANG_WARN_INT_CONVERSION = YES;
				CLANG_WARN_OBJC_ROOT_CLASS = YES_ERROR;
				CLANG_WARN__DUPLICATE_METHOD_MATCH = YES;
				COPY_PHASE_STRIP = YES;
				DEBUG_INFORMATION_FORMAT = "dwarf-with-dsym";
				ENABLE_NS_ASSERTIONS = NO;
				GCC_C_LANGUAGE_STANDARD = gnu99;
				GCC_ENABLE_OBJC_EXCEPTIONS = YES;
				GCC_WARN_64_TO_32_BIT_CONVERSION = YES;
				GCC_WARN_ABOUT_RETURN_TYPE = YES_ERROR;
				GCC_WARN_UNDECLARED_SELECTOR = YES;
				GCC_WARN_UNINITIALIZED_AUTOS = YES_AGGRESSIVE;
				GCC_WARN_UNUSED_FUNCTION = YES;
				GCC_WARN_UNUSED_VARIABLE = YES;
				MACOSX_DEPLOYMENT_TARGET = 10.9;
				SDKROOT = macosx;
			};
			name = Release;
		};
		356F5BC919CA864200FA9A00 /* Debug */ = {
			isa = XCBuildConfiguration;
			buildSettings = {
				CLANG_ENABLE_OBJC_ARC = NO;
				GCC_PRECOMPILE_PREFIX_HEADER = YES;
				GCC_PREFIX_HEADER = "QFLock/QFLock-Prefix.pch";
				PRODUCT_NAME = "$(TARGET_NAME)";
			};
			name = Debug;
		};
		356F5BCA19CA864200FA9A00 /* Release */ = {
			isa = XCBuildConfiguration;
			buildSettings = {
				CLANG_ENABLE_OBJC_ARC = NO;
				GCC_PRECOMPILE_PREFIX_HEADER = YES;
				GCC_PREFIX_HEADER = "QFLock/QFLock-Prefix.pch";
				PRODUCT_NAME = "$(TARGET_NAME)";
			};
			name = Release;
		};
/* End XCBuildConfiguration section */

/* Begin XCConfigurationList section */
		356F5BB519CA864200FA9A00 /* Build configuration list for PBXProject "QFLock" */ = {
			isa = XCConfigurationList;
			buildConfigurations = (
				356F5BC619CA864200FA9A00 /* Debug */,
				356F5BC719CA864200FA9A00 /* Release */,
			);
			defaultConfigurationIsVisible = 0;
			defaultConfigurationName = Release;
		};
		356F5BC819CA864200FA9A00 /* Build configuration list for PBXNativeTarget "QFLock" */ = {
			isa = XCConfigurationList;
			buildConfigurations = (
				356F5BC919CA864200FA9A00 /* Debug */,
				356F5BCA19CA864200FA9A00 /* Release */,
			);
			defaultConfigurationIsVisible = 0;
		};
/* End XCConfigurationList section */
	};
	rootObject = 356F5BB219CA864200FA9A00 /* Project object */;
}
